// !$*UTF8*$!
{
	archiveVersion = 1;
	classes = {
	};
	objectVersion = 55;
	objects = {

/* Begin PBXBuildFile section */
		FA4EDF7F27A6E0CA0050DAE3 /* SignIn.swift in Sources */ = {isa = PBXBuildFile; fileRef = FA4EDF7E27A6E0CA0050DAE3 /* SignIn.swift */; };
		FA4EDF8127A6E1570050DAE3 /* SignIN.storyboard in Resources */ = {isa = PBXBuildFile; fileRef = FA4EDF8027A6E1570050DAE3 /* SignIN.storyboard */; };
		FA4EDF8327A6E1670050DAE3 /* SignUP.storyboard in Resources */ = {isa = PBXBuildFile; fileRef = FA4EDF8227A6E1670050DAE3 /* SignUP.storyboard */; };
		FA4EDF8727A6E2C90050DAE3 /* test.storyboard in Resources */ = {isa = PBXBuildFile; fileRef = FA4EDF8627A6E2C90050DAE3 /* test.storyboard */; };
		FA4EDF8927A6E4270050DAE3 /* Result.storyboard in Resources */ = {isa = PBXBuildFile; fileRef = FA4EDF8827A6E4270050DAE3 /* Result.storyboard */; };
		FAD9E0E4279A9CF700C03F3D /* AppDelegate.swift in Sources */ = {isa = PBXBuildFile; fileRef = FAD9E0E3279A9CF700C03F3D /* AppDelegate.swift */; };
		FAD9E0E6279A9CF700C03F3D /* SceneDelegate.swift in Sources */ = {isa = PBXBuildFile; fileRef = FAD9E0E5279A9CF700C03F3D /* SceneDelegate.swift */; };
		FAD9E0E8279A9CF700C03F3D /* ViewApp.swift in Sources */ = {isa = PBXBuildFile; fileRef = FAD9E0E7279A9CF700C03F3D /* ViewApp.swift */; };
		FAD9E0EB279A9CF700C03F3D /* Main.storyboard in Resources */ = {isa = PBXBuildFile; fileRef = FAD9E0E9279A9CF700C03F3D /* Main.storyboard */; };
		FAD9E0ED279A9CFD00C03F3D /* Assets.xcassets in Resources */ = {isa = PBXBuildFile; fileRef = FAD9E0EC279A9CFD00C03F3D /* Assets.xcassets */; };
		FAD9E0F0279A9CFD00C03F3D /* LaunchScreen.storyboard in Resources */ = {isa = PBXBuildFile; fileRef = FAD9E0EE279A9CFD00C03F3D /* LaunchScreen.storyboard */; };
/* End PBXBuildFile section */

/* Begin PBXFileReference section */
		FA4EDF7E27A6E0CA0050DAE3 /* SignIn.swift */ = {isa = PBXFileReference; lastKnownFileType = sourcecode.swift; path = SignIn.swift; sourceTree = "<group>"; };
		FA4EDF8027A6E1570050DAE3 /* SignIN.storyboard */ = {isa = PBXFileReference; lastKnownFileType = file.storyboard; path = SignIN.storyboard; sourceTree = "<group>"; };
		FA4EDF8227A6E1670050DAE3 /* SignUP.storyboard */ = {isa = PBXFileReference; lastKnownFileType = file.storyboard; path = SignUP.storyboard; sourceTree = "<group>"; };
		FA4EDF8627A6E2C90050DAE3 /* test.storyboard */ = {isa = PBXFileReference; lastKnownFileType = file.storyboard; path = test.storyboard; sourceTree = "<group>"; };
		FA4EDF8827A6E4270050DAE3 /* Result.storyboard */ = {isa = PBXFileReference; lastKnownFileType = file.storyboard; path = Result.storyboard; sourceTree = "<group>"; };
		FAD9E0E0279A9CF700C03F3D /* HomeTask10TB.app */ = {isa = PBXFileReference; explicitFileType = wrapper.application; includeInIndex = 0; path = HomeTask10TB.app; sourceTree = BUILT_PRODUCTS_DIR; };
		FAD9E0E3279A9CF700C03F3D /* AppDelegate.swift */ = {isa = PBXFileReference; lastKnownFileType = sourcecode.swift; path = AppDelegate.swift; sourceTree = "<group>"; };
		FAD9E0E5279A9CF700C03F3D /* SceneDelegate.swift */ = {isa = PBXFileReference; lastKnownFileType = sourcecode.swift; path = SceneDelegate.swift; sourceTree = "<group>"; };
		FAD9E0E7279A9CF700C03F3D /* ViewApp.swift */ = {isa = PBXFileReference; lastKnownFileType = sourcecode.swift; path = ViewApp.swift; sourceTree = "<group>"; };
		FAD9E0EA279A9CF700C03F3D /* Base */ = {isa = PBXFileReference; lastKnownFileType = file.storyboard; name = Base; path = SignIN.storyboard; sourceTree = "<group>"; };
		FAD9E0EC279A9CFD00C03F3D /* Assets.xcassets */ = {isa = PBXFileReference; lastKnownFileType = folder.assetcatalog; path = Assets.xcassets; sourceTree = "<group>"; };
		FAD9E0EF279A9CFD00C03F3D /* Base */ = {isa = PBXFileReference; lastKnownFileType = file.storyboard; name = Base; path = Base.lproj/LaunchScreen.storyboard; sourceTree = "<group>"; };
		FAD9E0F1279A9CFD00C03F3D /* Info.plist */ = {isa = PBXFileReference; lastKnownFileType = text.plist.xml; path = Info.plist; sourceTree = "<group>"; };
/* End PBXFileReference section */

/* Begin PBXFrameworksBuildPhase section */
		FAD9E0DD279A9CF700C03F3D /* Frameworks */ = {
			isa = PBXFrameworksBuildPhase;
			buildActionMask = 2147483647;
			files = (
			);
			runOnlyForDeploymentPostprocessing = 0;
		};
/* End PBXFrameworksBuildPhase section */

/* Begin PBXGroup section */
		FAD9E0D7279A9CF700C03F3D = {
			isa = PBXGroup;
			children = (
				FAD9E0E2279A9CF700C03F3D /* HomeTask10TB */,
				FAD9E0E1279A9CF700C03F3D /* Products */,
			);
			sourceTree = "<group>";
		};
		FAD9E0E1279A9CF700C03F3D /* Products */ = {
			isa = PBXGroup;
			children = (
				FAD9E0E0279A9CF700C03F3D /* HomeTask10TB.app */,
			);
			name = Products;
			sourceTree = "<group>";
		};
		FAD9E0E2279A9CF700C03F3D /* HomeTask10TB */ = {
			isa = PBXGroup;
			children = (
				FA4EDF8227A6E1670050DAE3 /* SignUP.storyboard */,
				FA4EDF8027A6E1570050DAE3 /* SignIN.storyboard */,
				FAD9E0E3279A9CF700C03F3D /* AppDelegate.swift */,
				FAD9E0E5279A9CF700C03F3D /* SceneDelegate.swift */,
				FA4EDF7E27A6E0CA0050DAE3 /* SignIn.swift */,
				FAD9E0E7279A9CF700C03F3D /* ViewApp.swift */,
				FAD9E0E9279A9CF700C03F3D /* Main.storyboard */,
				FA4EDF8827A6E4270050DAE3 /* Result.storyboard */,
				FAD9E0EC279A9CFD00C03F3D /* Assets.xcassets */,
				FAD9E0EE279A9CFD00C03F3D /* LaunchScreen.storyboard */,
				FAD9E0F1279A9CFD00C03F3D /* Info.plist */,
				FA4EDF8627A6E2C90050DAE3 /* test.storyboard */,
			);
			path = HomeTask10TB;
			sourceTree = "<group>";
		};
/* End PBXGroup section */

/* Begin PBXNativeTarget section */
		FAD9E0DF279A9CF700C03F3D /* HomeTask10TB */ = {
			isa = PBXNativeTarget;
			buildConfigurationList = FAD9E0F4279A9CFD00C03F3D /* Build configuration list for PBXNativeTarget "HomeTask10TB" */;
			buildPhases = (
				FAD9E0DC279A9CF700C03F3D /* Sources */,
				FAD9E0DD279A9CF700C03F3D /* Frameworks */,
				FAD9E0DE279A9CF700C03F3D /* Resources */,
			);
			buildRules = (
			);
			dependencies = (
			);
			name = HomeTask10TB;
			productName = HomeTask10TB;
			productReference = FAD9E0E0279A9CF700C03F3D /* HomeTask10TB.app */;
			productType = "com.apple.product-type.application";
		};
/* End PBXNativeTarget section */

/* Begin PBXProject section */
		FAD9E0D8279A9CF700C03F3D /* Project object */ = {
			isa = PBXProject;
			attributes = {
				BuildIndependentTargetsInParallel = 1;
				LastSwiftUpdateCheck = 1320;
				LastUpgradeCheck = 1320;
				TargetAttributes = {
					FAD9E0DF279A9CF700C03F3D = {
						CreatedOnToolsVersion = 13.2.1;
					};
				};
			};
			buildConfigurationList = FAD9E0DB279A9CF700C03F3D /* Build configuration list for PBXProject "HomeTask10TB" */;
			compatibilityVersion = "Xcode 13.0";
			developmentRegion = en;
			hasScannedForEncodings = 0;
			knownRegions = (
				en,
				Base,
			);
			mainGroup = FAD9E0D7279A9CF700C03F3D;
			productRefGroup = FAD9E0E1279A9CF700C03F3D /* Products */;
			projectDirPath = "";
			projectRoot = "";
			targets = (
				FAD9E0DF279A9CF700C03F3D /* HomeTask10TB */,
			);
		};
/* End PBXProject section */

/* Begin PBXResourcesBuildPhase section */
		FAD9E0DE279A9CF700C03F3D /* Resources */ = {
			isa = PBXResourcesBuildPhase;
			buildActionMask = 2147483647;
			files = (
				FA4EDF8927A6E4270050DAE3 /* Result.storyboard in Resources */,
				FA4EDF8127A6E1570050DAE3 /* SignIN.storyboard in Resources */,
				FA4EDF8327A6E1670050DAE3 /* SignUP.storyboard in Resources */,
				FAD9E0F0279A9CFD00C03F3D /* LaunchScreen.storyboard in Resources */,
				FAD9E0ED279A9CFD00C03F3D /* Assets.xcassets in Resources */,
				FA4EDF8727A6E2C90050DAE3 /* test.storyboard in Resources */,
				FAD9E0EB279A9CF700C03F3D /* Main.storyboard in Resources */,
			);
			runOnlyForDeploymentPostprocessing = 0;
		};
/* End PBXResourcesBuildPhase section */

/* Begin PBXSourcesBuildPhase section */
		FAD9E0DC279A9CF700C03F3D /* Sources */ = {
			isa = PBXSourcesBuildPhase;
			buildActionMask = 2147483647;
			files = (
				FAD9E0E8279A9CF700C03F3D /* ViewApp.swift in Sources */,
				FAD9E0E4279A9CF700C03F3D /* AppDelegate.swift in Sources */,
				FAD9E0E6279A9CF700C03F3D /* SceneDelegate.swift in Sources */,
				FA4EDF7F27A6E0CA0050DAE3 /* SignIn.swift in Sources */,
			);
			runOnlyForDeploymentPostprocessing = 0;
		};
/* End PBXSourcesBuildPhase section */

/* Begin PBXVariantGroup section */
		FAD9E0E9279A9CF700C03F3D /* Main.storyboard */ = {
			isa = PBXVariantGroup;
			children = (
				FAD9E0EA279A9CF700C03F3D /* Base */,
			);
			name = Main.storyboard;
			sourceTree = "<group>";
		};
		FAD9E0EE279A9CFD00C03F3D /* LaunchScreen.storyboard */ = {
			isa = PBXVariantGroup;
			children = (
				FAD9E0EF279A9CFD00C03F3D /* Base */,
			);
			name = LaunchScreen.storyboard;
			sourceTree = "<group>";
		};
/* End PBXVariantGroup section */

/* Begin XCBuildConfiguration section */
		FAD9E0F2279A9CFD00C03F3D /* Debug */ = {
			isa = XCBuildConfiguration;
			buildSettings = {
				ALWAYS_SEARCH_USER_PATHS = NO;
				CLANG_ANALYZER_NONNULL = YES;
				CLANG_ANALYZER_NUMBER_OBJECT_CONVERSION = YES_AGGRESSIVE;
				CLANG_CXX_LANGUAGE_STANDARD = "gnu++17";
				CLANG_CXX_LIBRARY = "libc++";
				CLANG_ENABLE_MODULES = YES;
				CLANG_ENABLE_OBJC_ARC = YES;
				CLANG_ENABLE_OBJC_WEAK = YES;
				CLANG_WARN_BLOCK_CAPTURE_AUTORELEASING = YES;
				CLANG_WARN_BOOL_CONVERSION = YES;
				CLANG_WARN_COMMA = YES;
				CLANG_WARN_CONSTANT_CONVERSION = YES;
				CLANG_WARN_DEPRECATED_OBJC_IMPLEMENTATIONS = YES;
				CLANG_WARN_DIRECT_OBJC_ISA_USAGE = YES_ERROR;
				CLANG_WARN_DOCUMENTATION_COMMENTS = YES;
				CLANG_WARN_EMPTY_BODY = YES;
				CLANG_WARN_ENUM_CONVERSION = YES;
				CLANG_WARN_INFINITE_RECURSION = YES;
				CLANG_WARN_INT_CONVERSION = YES;
				CLANG_WARN_NON_LITERAL_NULL_CONVERSION = YES;
				CLANG_WARN_OBJC_IMPLICIT_RETAIN_SELF = YES;
				CLANG_WARN_OBJC_LITERAL_CONVERSION = YES;
				CLANG_WARN_OBJC_ROOT_CLASS = YES_ERROR;
				CLANG_WARN_QUOTED_INCLUDE_IN_FRAMEWORK_HEADER = YES;
				CLANG_WARN_RANGE_LOOP_ANALYSIS = YES;
				CLANG_WARN_STRICT_PROTOTYPES = YES;
				CLANG_WARN_SUSPICIOUS_MOVE = YES;
				CLANG_WARN_UNGUARDED_AVAILABILITY = YES_AGGRESSIVE;
				CLANG_WARN_UNREACHABLE_CODE = YES;
				CLANG_WARN__DUPLICATE_METHOD_MATCH = YES;
				COPY_PHASE_STRIP = NO;
				DEBUG_INFORMATION_FORMAT = dwarf;
				ENABLE_STRICT_OBJC_MSGSEND = YES;
				ENABLE_TESTABILITY = YES;
				GCC_C_LANGUAGE_STANDARD = gnu11;
				GCC_DYNAMIC_NO_PIC = NO;
				GCC_NO_COMMON_BLOCKS = YES;
				GCC_OPTIMIZATION_LEVEL = 0;
				GCC_PREPROCESSOR_DEFINITIONS = (
					"DEBUG=1",
					"$(inherited)",
				);
				GCC_WARN_64_TO_32_BIT_CONVERSION = YES;
				GCC_WARN_ABOUT_RETURN_TYPE = YES_ERROR;
				GCC_WARN_UNDECLARED_SELECTOR = YES;
				GCC_WARN_UNINITIALIZED_AUTOS = YES_AGGRESSIVE;
				GCC_WARN_UNUSED_FUNCTION = YES;
				GCC_WARN_UNUSED_VARIABLE = YES;
				IPHONEOS_DEPLOYMENT_TARGET = 15.2;
				MTL_ENABLE_DEBUG_INFO = INCLUDE_SOURCE;
				MTL_FAST_MATH = YES;
				ONLY_ACTIVE_ARCH = YES;
				SDKROOT = iphoneos;
				SWIFT_ACTIVE_COMPILATION_CONDITIONS = DEBUG;
				SWIFT_OPTIMIZATION_LEVEL = "-Onone";
			};
			name = Debug;
		};
		FAD9E0F3279A9CFD00C03F3D /* Release */ = {
			isa = XCBuildConfiguration;
			buildSettings = {
				ALWAYS_SEARCH_USER_PATHS = NO;
				CLANG_ANALYZER_NONNULL = YES;
				CLANG_ANALYZER_NUMBER_OBJECT_CONVERSION = YES_AGGRESSIVE;
				CLANG_CXX_LANGUAGE_STANDARD = "gnu++17";
				CLANG_CXX_LIBRARY = "libc++";
				CLANG_ENABLE_MODULES = YES;
				CLANG_ENABLE_OBJC_ARC = YES;
				CLANG_ENABLE_OBJC_WEAK = YES;
				CLANG_WARN_BLOCK_CAPTURE_AUTORELEASING = YES;
				CLANG_WARN_BOOL_CONVERSION = YES;
				CLANG_WARN_COMMA = YES;
				CLANG_WARN_CONSTANT_CONVERSION = YES;
				CLANG_WARN_DEPRECATED_OBJC_IMPLEMENTATIONS = YES;
				CLANG_WARN_DIRECT_OBJC_ISA_USAGE = YES_ERROR;
				CLANG_WARN_DOCUMENTATION_COMMENTS = YES;
				CLANG_WARN_EMPTY_BODY = YES;
				CLANG_WARN_ENUM_CONVERSION = YES;
				CLANG_WARN_INFINITE_RECURSION = YES;
				CLANG_WARN_INT_CONVERSION = YES;
				CLANG_WARN_NON_LITERAL_NULL_CONVERSION = YES;
				CLANG_WARN_OBJC_IMPLICIT_RETAIN_SELF = YES;
				CLANG_WARN_OBJC_LITERAL_CONVERSION = YES;
				CLANG_WARN_OBJC_ROOT_CLASS = YES_ERROR;
				CLANG_WARN_QUOTED_INCLUDE_IN_FRAMEWORK_HEADER = YES;
				CLANG_WARN_RANGE_LOOP_ANALYSIS = YES;
				CLANG_WARN_STRICT_PROTOTYPES = YES;
				CLANG_WARN_SUSPICIOUS_MOVE = YES;
				CLANG_WARN_UNGUARDED_AVAILABILITY = YES_AGGRESSIVE;
				CLANG_WARN_UNREACHABLE_CODE = YES;
				CLANG_WARN__DUPLICATE_METHOD_MATCH = YES;
				COPY_PHASE_STRIP = NO;
				DEBUG_INFORMATION_FORMAT = "dwarf-with-dsym";
				ENABLE_NS_ASSERTIONS = NO;
				ENABLE_STRICT_OBJC_MSGSEND = YES;
				GCC_C_LANGUAGE_STANDARD = gnu11;
				GCC_NO_COMMON_BLOCKS = YES;
				GCC_WARN_64_TO_32_BIT_CONVERSION = YES;
				GCC_WARN_ABOUT_RETURN_TYPE = YES_ERROR;
				GCC_WARN_UNDECLARED_SELECTOR = YES;
				GCC_WARN_UNINITIALIZED_AUTOS = YES_AGGRESSIVE;
				GCC_WARN_UNUSED_FUNCTION = YES;
				GCC_WARN_UNUSED_VARIABLE = YES;
				IPHONEOS_DEPLOYMENT_TARGET = 15.2;
				MTL_ENABLE_DEBUG_INFO = NO;
				MTL_FAST_MATH = YES;
				SDKROOT = iphoneos;
				SWIFT_COMPILATION_MODE = wholemodule;
				SWIFT_OPTIMIZATION_LEVEL = "-O";
				VALIDATE_PRODUCT = YES;
			};
			name = Release;
		};
		FAD9E0F5279A9CFD00C03F3D /* Debug */ = {
			isa = XCBuildConfiguration;
			buildSettings = {
				ASSETCATALOG_COMPILER_APPICON_NAME = AppIcon;
				ASSETCATALOG_COMPILER_GLOBAL_ACCENT_COLOR_NAME = AccentColor;
				CODE_SIGN_STYLE = Automatic;
				CURRENT_PROJECT_VERSION = 1;
				DEVELOPMENT_TEAM = XR9KKY5AL7;
				GENERATE_INFOPLIST_FILE = YES;
				INFOPLIST_FILE = HomeTask10TB/Info.plist;
				INFOPLIST_KEY_UIApplicationSupportsIndirectInputEvents = YES;
				INFOPLIST_KEY_UILaunchStoryboardName = LaunchScreen;
				INFOPLIST_KEY_UIMainStoryboardFile = Main;
				INFOPLIST_KEY_UISupportedInterfaceOrientations = "UIInterfaceOrientationPortrait UIInterfaceOrientationLandscapeLeft";
				INFOPLIST_KEY_UISupportedInterfaceOrientations_iPad = "UIInterfaceOrientationPortrait UIInterfaceOrientationPortraitUpsideDown UIInterfaceOrientationLandscapeLeft UIInterfaceOrientationLandscapeRight";
				INFOPLIST_KEY_UISupportedInterfaceOrientations_iPhone = "UIInterfaceOrientationPortrait UIInterfaceOrientationLandscapeLeft UIInterfaceOrientationLandscapeRight";
				LD_RUNPATH_SEARCH_PATHS = (
					"$(inherited)",
					"@executable_path/Frameworks",
				);
				MARKETING_VERSION = 1.0;
				PRODUCT_BUNDLE_IDENTIFIER = by.tms.HomeTask10TB;
				PRODUCT_NAME = "$(TARGET_NAME)";
				SWIFT_EMIT_LOC_STRINGS = YES;
				SWIFT_VERSION = 5.0;
				TARGETED_DEVICE_FAMILY = 1;
			};
			name = Debug;
		};
		FAD9E0F6279A9CFD00C03F3D /* Release */ = {
			isa = XCBuildConfiguration;
			buildSettings = {
				ASSETCATALOG_COMPILER_APPICON_NAME = AppIcon;
				ASSETCATALOG_COMPILER_GLOBAL_ACCENT_COLOR_NAME = AccentColor;
				CODE_SIGN_STYLE = Automatic;
				CURRENT_PROJECT_VERSION = 1;
				DEVELOPMENT_TEAM = XR9KKY5AL7;
				GENERATE_INFOPLIST_FILE = YES;
				INFOPLIST_FILE = HomeTask10TB/Info.plist;
				INFOPLIST_KEY_UIApplicationSupportsIndirectInputEvents = YES;
				INFOPLIST_KEY_UILaunchStoryboardName = LaunchScreen;
				INFOPLIST_KEY_UIMainStoryboardFile = Main;
				INFOPLIST_KEY_UISupportedInterfaceOrientations = "UIInterfaceOrientationPortrait UIInterfaceOrientationLandscapeLeft";
				INFOPLIST_KEY_UISupportedInterfaceOrientations_iPad = "UIInterfaceOrientationPortrait UIInterfaceOrientationPortraitUpsideDown UIInterfaceOrientationLandscapeLeft UIInterfaceOrientationLandscapeRight";
				INFOPLIST_KEY_UISupportedInterfaceOrientations_iPhone = "UIInterfaceOrientationPortrait UIInterfaceOrientationLandscapeLeft UIInterfaceOrientationLandscapeRight";
				LD_RUNPATH_SEARCH_PATHS = (
					"$(inherited)",
					"@executable_path/Frameworks",
				);
				MARKETING_VERSION = 1.0;
				PRODUCT_BUNDLE_IDENTIFIER = by.tms.HomeTask10TB;
				PRODUCT_NAME = "$(TARGET_NAME)";
				SWIFT_EMIT_LOC_STRINGS = YES;
				SWIFT_VERSION = 5.0;
				TARGETED_DEVICE_FAMILY = 1;
			};
			name = Release;
		};
/* End XCBuildConfiguration section */

/* Begin XCConfigurationList section */
		FAD9E0DB279A9CF700C03F3D /* Build configuration list for PBXProject "HomeTask10TB" */ = {
			isa = XCConfigurationList;
			buildConfigurations = (
				FAD9E0F2279A9CFD00C03F3D /* Debug */,
				FAD9E0F3279A9CFD00C03F3D /* Release */,
			);
			defaultConfigurationIsVisible = 0;
			defaultConfigurationName = Release;
		};
		FAD9E0F4279A9CFD00C03F3D /* Build configuration list for PBXNativeTarget "HomeTask10TB" */ = {
			isa = XCConfigurationList;
			buildConfigurations = (
				FAD9E0F5279A9CFD00C03F3D /* Debug */,
				FAD9E0F6279A9CFD00C03F3D /* Release */,
			);
			defaultConfigurationIsVisible = 0;
			defaultConfigurationName = Release;
		};
/* End XCConfigurationList section */
	};
	rootObject = FAD9E0D8279A9CF700C03F3D /* Project object */;
}
